// !$*UTF8*$!
{
	archiveVersion = 1;
	classes = {
	};
	objectVersion = 56;
	objects = {

/* Begin PBXBuildFile section */
		36C4FD1B295E529A005C6408 /* QuizApp.swift in Sources */ = {isa = PBXBuildFile; fileRef = 36C4FD1A295E529A005C6408 /* QuizApp.swift */; };
		36C4FD1D295E529A005C6408 /* ContentView.swift in Sources */ = {isa = PBXBuildFile; fileRef = 36C4FD1C295E529A005C6408 /* ContentView.swift */; };
		36C4FD1F295E529B005C6408 /* Assets.xcassets in Resources */ = {isa = PBXBuildFile; fileRef = 36C4FD1E295E529B005C6408 /* Assets.xcassets */; };
		36C4FD22295E529B005C6408 /* Preview Assets.xcassets in Resources */ = {isa = PBXBuildFile; fileRef = 36C4FD21295E529B005C6408 /* Preview Assets.xcassets */; };
		36C4FD2A295E5588005C6408 /* PrimaryButton.swift in Sources */ = {isa = PBXBuildFile; fileRef = 36C4FD29295E5588005C6408 /* PrimaryButton.swift */; };
		36C4FD2D295E59F1005C6408 /* Extentions.swift in Sources */ = {isa = PBXBuildFile; fileRef = 36C4FD2C295E59F1005C6408 /* Extentions.swift */; };
		36C4FD2F295E6815005C6408 /* QuestionView.swift in Sources */ = {isa = PBXBuildFile; fileRef = 36C4FD2E295E6815005C6408 /* QuestionView.swift */; };
		36C4FD31295E68C4005C6408 /* ProgressBar.swift in Sources */ = {isa = PBXBuildFile; fileRef = 36C4FD30295E68C4005C6408 /* ProgressBar.swift */; };
		36C4FD34295E6C0E005C6408 /* Answer.swift in Sources */ = {isa = PBXBuildFile; fileRef = 36C4FD33295E6C0E005C6408 /* Answer.swift */; };
		36C4FD36295E6D3E005C6408 /* AnswerRow.swift in Sources */ = {isa = PBXBuildFile; fileRef = 36C4FD35295E6D3E005C6408 /* AnswerRow.swift */; };
		36C4FD38295E72DA005C6408 /* TrivialView.swift in Sources */ = {isa = PBXBuildFile; fileRef = 36C4FD37295E72DA005C6408 /* TrivialView.swift */; };
		36C4FD3A295EB445005C6408 /* Trivia.swift in Sources */ = {isa = PBXBuildFile; fileRef = 36C4FD39295EB445005C6408 /* Trivia.swift */; };
/* End PBXBuildFile section */

/* Begin PBXFileReference section */
		36C4FD17295E529A005C6408 /* Quiz.app */ = {isa = PBXFileReference; explicitFileType = wrapper.application; includeInIndex = 0; path = Quiz.app; sourceTree = BUILT_PRODUCTS_DIR; };
		36C4FD1A295E529A005C6408 /* QuizApp.swift */ = {isa = PBXFileReference; lastKnownFileType = sourcecode.swift; path = QuizApp.swift; sourceTree = "<group>"; };
		36C4FD1C295E529A005C6408 /* ContentView.swift */ = {isa = PBXFileReference; lastKnownFileType = sourcecode.swift; path = ContentView.swift; sourceTree = "<group>"; };
		36C4FD1E295E529B005C6408 /* Assets.xcassets */ = {isa = PBXFileReference; lastKnownFileType = folder.assetcatalog; path = Assets.xcassets; sourceTree = "<group>"; };
		36C4FD21295E529B005C6408 /* Preview Assets.xcassets */ = {isa = PBXFileReference; lastKnownFileType = folder.assetcatalog; path = "Preview Assets.xcassets"; sourceTree = "<group>"; };
		36C4FD29295E5588005C6408 /* PrimaryButton.swift */ = {isa = PBXFileReference; lastKnownFileType = sourcecode.swift; path = PrimaryButton.swift; sourceTree = "<group>"; };
		36C4FD2C295E59F1005C6408 /* Extentions.swift */ = {isa = PBXFileReference; lastKnownFileType = sourcecode.swift; path = Extentions.swift; sourceTree = "<group>"; };
		36C4FD2E295E6815005C6408 /* QuestionView.swift */ = {isa = PBXFileReference; lastKnownFileType = sourcecode.swift; path = QuestionView.swift; sourceTree = "<group>"; };
		36C4FD30295E68C4005C6408 /* ProgressBar.swift */ = {isa = PBXFileReference; lastKnownFileType = sourcecode.swift; path = ProgressBar.swift; sourceTree = "<group>"; };
		36C4FD33295E6C0E005C6408 /* Answer.swift */ = {isa = PBXFileReference; lastKnownFileType = sourcecode.swift; path = Answer.swift; sourceTree = "<group>"; };
		36C4FD35295E6D3E005C6408 /* AnswerRow.swift */ = {isa = PBXFileReference; lastKnownFileType = sourcecode.swift; path = AnswerRow.swift; sourceTree = "<group>"; };
		36C4FD37295E72DA005C6408 /* TrivialView.swift */ = {isa = PBXFileReference; lastKnownFileType = sourcecode.swift; path = TrivialView.swift; sourceTree = "<group>"; };
		36C4FD39295EB445005C6408 /* Trivia.swift */ = {isa = PBXFileReference; lastKnownFileType = sourcecode.swift; path = Trivia.swift; sourceTree = "<group>"; };
/* End PBXFileReference section */

/* Begin PBXFrameworksBuildPhase section */
		36C4FD14295E529A005C6408 /* Frameworks */ = {
			isa = PBXFrameworksBuildPhase;
			buildActionMask = 2147483647;
			files = (
			);
			runOnlyForDeploymentPostprocessing = 0;
		};
/* End PBXFrameworksBuildPhase section */

/* Begin PBXGroup section */
		36C4FD0E295E529A005C6408 = {
			isa = PBXGroup;
			children = (
				36C4FD19295E529A005C6408 /* Quiz */,
				36C4FD18295E529A005C6408 /* Products */,
			);
			sourceTree = "<group>";
		};
		36C4FD18295E529A005C6408 /* Products */ = {
			isa = PBXGroup;
			children = (
				36C4FD17295E529A005C6408 /* Quiz.app */,
			);
			name = Products;
			sourceTree = "<group>";
		};
		36C4FD19295E529A005C6408 /* Quiz */ = {
			isa = PBXGroup;
			children = (
				36C4FD32295E6BF1005C6408 /* Models */,
				36C4FD2B295E56F8005C6408 /* Views */,
				36C4FD28295E5569005C6408 /* Components */,
				36C4FD1A295E529A005C6408 /* QuizApp.swift */,
				36C4FD1E295E529B005C6408 /* Assets.xcassets */,
				36C4FD20295E529B005C6408 /* Preview Content */,
				36C4FD2C295E59F1005C6408 /* Extentions.swift */,
			);
			path = Quiz;
			sourceTree = "<group>";
		};
		36C4FD20295E529B005C6408 /* Preview Content */ = {
			isa = PBXGroup;
			children = (
				36C4FD21295E529B005C6408 /* Preview Assets.xcassets */,
			);
			path = "Preview Content";
			sourceTree = "<group>";
		};
		36C4FD28295E5569005C6408 /* Components */ = {
			isa = PBXGroup;
			children = (
				36C4FD29295E5588005C6408 /* PrimaryButton.swift */,
				36C4FD30295E68C4005C6408 /* ProgressBar.swift */,
				36C4FD35295E6D3E005C6408 /* AnswerRow.swift */,
			);
			path = Components;
			sourceTree = "<group>";
		};
		36C4FD2B295E56F8005C6408 /* Views */ = {
			isa = PBXGroup;
			children = (
				36C4FD1C295E529A005C6408 /* ContentView.swift */,
				36C4FD2E295E6815005C6408 /* QuestionView.swift */,
				36C4FD37295E72DA005C6408 /* TrivialView.swift */,
			);
			path = Views;
			sourceTree = "<group>";
		};
		36C4FD32295E6BF1005C6408 /* Models */ = {
			isa = PBXGroup;
			children = (
				36C4FD33295E6C0E005C6408 /* Answer.swift */,
				36C4FD39295EB445005C6408 /* Trivia.swift */,
			);
			path = Models;
			sourceTree = "<group>";
		};
/* End PBXGroup section */

/* Begin PBXNativeTarget section */
		36C4FD16295E529A005C6408 /* Quiz */ = {
			isa = PBXNativeTarget;
			buildConfigurationList = 36C4FD25295E529B005C6408 /* Build configuration list for PBXNativeTarget "Quiz" */;
			buildPhases = (
				36C4FD13295E529A005C6408 /* Sources */,
				36C4FD14295E529A005C6408 /* Frameworks */,
				36C4FD15295E529A005C6408 /* Resources */,
			);
			buildRules = (
			);
			dependencies = (
			);
			name = Quiz;
			productName = Quiz;
			productReference = 36C4FD17295E529A005C6408 /* Quiz.app */;
			productType = "com.apple.product-type.application";
		};
/* End PBXNativeTarget section */

/* Begin PBXProject section */
		36C4FD0F295E529A005C6408 /* Project object */ = {
			isa = PBXProject;
			attributes = {
				BuildIndependentTargetsInParallel = 1;
				LastSwiftUpdateCheck = 1420;
				LastUpgradeCheck = 1420;
				TargetAttributes = {
					36C4FD16295E529A005C6408 = {
						CreatedOnToolsVersion = 14.2;
					};
				};
			};
			buildConfigurationList = 36C4FD12295E529A005C6408 /* Build configuration list for PBXProject "Quiz" */;
			compatibilityVersion = "Xcode 14.0";
			developmentRegion = en;
			hasScannedForEncodings = 0;
			knownRegions = (
				en,
				Base,
			);
			mainGroup = 36C4FD0E295E529A005C6408;
			productRefGroup = 36C4FD18295E529A005C6408 /* Products */;
			projectDirPath = "";
			projectRoot = "";
			targets = (
				36C4FD16295E529A005C6408 /* Quiz */,
			);
		};
/* End PBXProject section */

/* Begin PBXResourcesBuildPhase section */
		36C4FD15295E529A005C6408 /* Resources */ = {
			isa = PBXResourcesBuildPhase;
			buildActionMask = 2147483647;
			files = (
				36C4FD22295E529B005C6408 /* Preview Assets.xcassets in Resources */,
				36C4FD1F295E529B005C6408 /* Assets.xcassets in Resources */,
			);
			runOnlyForDeploymentPostprocessing = 0;
		};
/* End PBXResourcesBuildPhase section */

/* Begin PBXSourcesBuildPhase section */
		36C4FD13295E529A005C6408 /* Sources */ = {
			isa = PBXSourcesBuildPhase;
			buildActionMask = 2147483647;
			files = (
				36C4FD38295E72DA005C6408 /* TrivialView.swift in Sources */,
				36C4FD3A295EB445005C6408 /* Trivia.swift in Sources */,
				36C4FD2F295E6815005C6408 /* QuestionView.swift in Sources */,
				36C4FD2D295E59F1005C6408 /* Extentions.swift in Sources */,
				36C4FD36295E6D3E005C6408 /* AnswerRow.swift in Sources */,
				36C4FD2A295E5588005C6408 /* PrimaryButton.swift in Sources */,
				36C4FD34295E6C0E005C6408 /* Answer.swift in Sources */,
				36C4FD1D295E529A005C6408 /* ContentView.swift in Sources */,
				36C4FD31295E68C4005C6408 /* ProgressBar.swift in Sources */,
				36C4FD1B295E529A005C6408 /* QuizApp.swift in Sources */,
			);
			runOnlyForDeploymentPostprocessing = 0;
		};
/* End PBXSourcesBuildPhase section */

/* Begin XCBuildConfiguration section */
		36C4FD23295E529B005C6408 /* Debug */ = {
			isa = XCBuildConfiguration;
			buildSettings = {
				ALWAYS_SEARCH_USER_PATHS = NO;
				CLANG_ANALYZER_NONNULL = YES;
				CLANG_ANALYZER_NUMBER_OBJECT_CONVERSION = YES_AGGRESSIVE;
				CLANG_CXX_LANGUAGE_STANDARD = "gnu++20";
				CLANG_ENABLE_MODULES = YES;
				CLANG_ENABLE_OBJC_ARC = YES;
				CLANG_ENABLE_OBJC_WEAK = YES;
				CLANG_WARN_BLOCK_CAPTURE_AUTORELEASING = YES;
				CLANG_WARN_BOOL_CONVERSION = YES;
				CLANG_WARN_COMMA = YES;
				CLANG_WARN_CONSTANT_CONVERSION = YES;
				CLANG_WARN_DEPRECATED_OBJC_IMPLEMENTATIONS = YES;
				CLANG_WARN_DIRECT_OBJC_ISA_USAGE = YES_ERROR;
				CLANG_WARN_DOCUMENTATION_COMMENTS = YES;
				CLANG_WARN_EMPTY_BODY = YES;
				CLANG_WARN_ENUM_CONVERSION = YES;
				CLANG_WARN_INFINITE_RECURSION = YES;
				CLANG_WARN_INT_CONVERSION = YES;
				CLANG_WARN_NON_LITERAL_NULL_CONVERSION = YES;
				CLANG_WARN_OBJC_IMPLICIT_RETAIN_SELF = YES;
				CLANG_WARN_OBJC_LITERAL_CONVERSION = YES;
				CLANG_WARN_OBJC_ROOT_CLASS = YES_ERROR;
				CLANG_WARN_QUOTED_INCLUDE_IN_FRAMEWORK_HEADER = YES;
				CLANG_WARN_RANGE_LOOP_ANALYSIS = YES;
				CLANG_WARN_STRICT_PROTOTYPES = YES;
				CLANG_WARN_SUSPICIOUS_MOVE = YES;
				CLANG_WARN_UNGUARDED_AVAILABILITY = YES_AGGRESSIVE;
				CLANG_WARN_UNREACHABLE_CODE = YES;
				CLANG_WARN__DUPLICATE_METHOD_MATCH = YES;
				COPY_PHASE_STRIP = NO;
				DEBUG_INFORMATION_FORMAT = dwarf;
				ENABLE_STRICT_OBJC_MSGSEND = YES;
				ENABLE_TESTABILITY = YES;
				GCC_C_LANGUAGE_STANDARD = gnu11;
				GCC_DYNAMIC_NO_PIC = NO;
				GCC_NO_COMMON_BLOCKS = YES;
				GCC_OPTIMIZATION_LEVEL = 0;
				GCC_PREPROCESSOR_DEFINITIONS = (
					"DEBUG=1",
					"$(inherited)",
				);
				GCC_WARN_64_TO_32_BIT_CONVERSION = YES;
				GCC_WARN_ABOUT_RETURN_TYPE = YES_ERROR;
				GCC_WARN_UNDECLARED_SELECTOR = YES;
				GCC_WARN_UNINITIALIZED_AUTOS = YES_AGGRESSIVE;
				GCC_WARN_UNUSED_FUNCTION = YES;
				GCC_WARN_UNUSED_VARIABLE = YES;
				IPHONEOS_DEPLOYMENT_TARGET = 16.2;
				MTL_ENABLE_DEBUG_INFO = INCLUDE_SOURCE;
				MTL_FAST_MATH = YES;
				ONLY_ACTIVE_ARCH = YES;
				SDKROOT = iphoneos;
				SWIFT_ACTIVE_COMPILATION_CONDITIONS = DEBUG;
				SWIFT_OPTIMIZATION_LEVEL = "-Onone";
			};
			name = Debug;
		};
		36C4FD24295E529B005C6408 /* Release */ = {
			isa = XCBuildConfiguration;
			buildSettings = {
				ALWAYS_SEARCH_USER_PATHS = NO;
				CLANG_ANALYZER_NONNULL = YES;
				CLANG_ANALYZER_NUMBER_OBJECT_CONVERSION = YES_AGGRESSIVE;
				CLANG_CXX_LANGUAGE_STANDARD = "gnu++20";
				CLANG_ENABLE_MODULES = YES;
				CLANG_ENABLE_OBJC_ARC = YES;
				CLANG_ENABLE_OBJC_WEAK = YES;
				CLANG_WARN_BLOCK_CAPTURE_AUTORELEASING = YES;
				CLANG_WARN_BOOL_CONVERSION = YES;
				CLANG_WARN_COMMA = YES;
				CLANG_WARN_CONSTANT_CONVERSION = YES;
				CLANG_WARN_DEPRECATED_OBJC_IMPLEMENTATIONS = YES;
				CLANG_WARN_DIRECT_OBJC_ISA_USAGE = YES_ERROR;
				CLANG_WARN_DOCUMENTATION_COMMENTS = YES;
				CLANG_WARN_EMPTY_BODY = YES;
				CLANG_WARN_ENUM_CONVERSION = YES;
				CLANG_WARN_INFINITE_RECURSION = YES;
				CLANG_WARN_INT_CONVERSION = YES;
				CLANG_WARN_NON_LITERAL_NULL_CONVERSION = YES;
				CLANG_WARN_OBJC_IMPLICIT_RETAIN_SELF = YES;
				CLANG_WARN_OBJC_LITERAL_CONVERSION = YES;
				CLANG_WARN_OBJC_ROOT_CLASS = YES_ERROR;
				CLANG_WARN_QUOTED_INCLUDE_IN_FRAMEWORK_HEADER = YES;
				CLANG_WARN_RANGE_LOOP_ANALYSIS = YES;
				CLANG_WARN_STRICT_PROTOTYPES = YES;
				CLANG_WARN_SUSPICIOUS_MOVE = YES;
				CLANG_WARN_UNGUARDED_AVAILABILITY = YES_AGGRESSIVE;
				CLANG_WARN_UNREACHABLE_CODE = YES;
				CLANG_WARN__DUPLICATE_METHOD_MATCH = YES;
				COPY_PHASE_STRIP = NO;
				DEBUG_INFORMATION_FORMAT = "dwarf-with-dsym";
				ENABLE_NS_ASSERTIONS = NO;
				ENABLE_STRICT_OBJC_MSGSEND = YES;
				GCC_C_LANGUAGE_STANDARD = gnu11;
				GCC_NO_COMMON_BLOCKS = YES;
				GCC_WARN_64_TO_32_BIT_CONVERSION = YES;
				GCC_WARN_ABOUT_RETURN_TYPE = YES_ERROR;
				GCC_WARN_UNDECLARED_SELECTOR = YES;
				GCC_WARN_UNINITIALIZED_AUTOS = YES_AGGRESSIVE;
				GCC_WARN_UNUSED_FUNCTION = YES;
				GCC_WARN_UNUSED_VARIABLE = YES;
				IPHONEOS_DEPLOYMENT_TARGET = 16.2;
				MTL_ENABLE_DEBUG_INFO = NO;
				MTL_FAST_MATH = YES;
				SDKROOT = iphoneos;
				SWIFT_COMPILATION_MODE = wholemodule;
				SWIFT_OPTIMIZATION_LEVEL = "-O";
				VALIDATE_PRODUCT = YES;
			};
			name = Release;
		};
		36C4FD26295E529B005C6408 /* Debug */ = {
			isa = XCBuildConfiguration;
			buildSettings = {
				ASSETCATALOG_COMPILER_APPICON_NAME = AppIcon;
				ASSETCATALOG_COMPILER_GLOBAL_ACCENT_COLOR_NAME = AccentColor;
				CODE_SIGN_STYLE = Automatic;
				CURRENT_PROJECT_VERSION = 1;
				DEVELOPMENT_ASSET_PATHS = "\"Quiz/Preview Content\"";
				ENABLE_PREVIEWS = YES;
				GENERATE_INFOPLIST_FILE = YES;
				INFOPLIST_KEY_UIApplicationSceneManifest_Generation = YES;
				INFOPLIST_KEY_UIApplicationSupportsIndirectInputEvents = YES;
				INFOPLIST_KEY_UILaunchScreen_Generation = YES;
				INFOPLIST_KEY_UISupportedInterfaceOrientations_iPad = "UIInterfaceOrientationPortrait UIInterfaceOrientationPortraitUpsideDown UIInterfaceOrientationLandscapeLeft UIInterfaceOrientationLandscapeRight";
				INFOPLIST_KEY_UISupportedInterfaceOrientations_iPhone = "UIInterfaceOrientationPortrait UIInterfaceOrientationLandscapeLeft UIInterfaceOrientationLandscapeRight";
				LD_RUNPATH_SEARCH_PATHS = (
					"$(inherited)",
					"@executable_path/Frameworks",
				);
				MARKETING_VERSION = 1.0;
				PRODUCT_BUNDLE_IDENTIFIER = Practice.Quiz;
				PRODUCT_NAME = "$(TARGET_NAME)";
				SWIFT_EMIT_LOC_STRINGS = YES;
				SWIFT_VERSION = 5.0;
				TARGETED_DEVICE_FAMILY = "1,2";
			};
			name = Debug;
		};
		36C4FD27295E529B005C6408 /* Release */ = {
			isa = XCBuildConfiguration;
			buildSettings = {
				ASSETCATALOG_COMPILER_APPICON_NAME = AppIcon;
				ASSETCATALOG_COMPILER_GLOBAL_ACCENT_COLOR_NAME = AccentColor;
				CODE_SIGN_STYLE = Automatic;
				CURRENT_PROJECT_VERSION = 1;
				DEVELOPMENT_ASSET_PATHS = "\"Quiz/Preview Content\"";
				ENABLE_PREVIEWS = YES;
				GENERATE_INFOPLIST_FILE = YES;
				INFOPLIST_KEY_UIApplicationSceneManifest_Generation = YES;
				INFOPLIST_KEY_UIApplicationSupportsIndirectInputEvents = YES;
				INFOPLIST_KEY_UILaunchScreen_Generation = YES;
				INFOPLIST_KEY_UISupportedInterfaceOrientations_iPad = "UIInterfaceOrientationPortrait UIInterfaceOrientationPortraitUpsideDown UIInterfaceOrientationLandscapeLeft UIInterfaceOrientationLandscapeRight";
				INFOPLIST_KEY_UISupportedInterfaceOrientations_iPhone = "UIInterfaceOrientationPortrait UIInterfaceOrientationLandscapeLeft UIInterfaceOrientationLandscapeRight";
				LD_RUNPATH_SEARCH_PATHS = (
					"$(inherited)",
					"@executable_path/Frameworks",
				);
				MARKETING_VERSION = 1.0;
				PRODUCT_BUNDLE_IDENTIFIER = Practice.Quiz;
				PRODUCT_NAME = "$(TARGET_NAME)";
				SWIFT_EMIT_LOC_STRINGS = YES;
				SWIFT_VERSION = 5.0;
				TARGETED_DEVICE_FAMILY = "1,2";
			};
			name = Release;
		};
/* End XCBuildConfiguration section */

/* Begin XCConfigurationList section */
		36C4FD12295E529A005C6408 /* Build configuration list for PBXProject "Quiz" */ = {
			isa = XCConfigurationList;
			buildConfigurations = (
				36C4FD23295E529B005C6408 /* Debug */,
				36C4FD24295E529B005C6408 /* Release */,
			);
			defaultConfigurationIsVisible = 0;
			defaultConfigurationName = Release;
		};
		36C4FD25295E529B005C6408 /* Build configuration list for PBXNativeTarget "Quiz" */ = {
			isa = XCConfigurationList;
			buildConfigurations = (
				36C4FD26295E529B005C6408 /* Debug */,
				36C4FD27295E529B005C6408 /* Release */,
			);
			defaultConfigurationIsVisible = 0;
			defaultConfigurationName = Release;
		};
/* End XCConfigurationList section */
	};
	rootObject = 36C4FD0F295E529A005C6408 /* Project object */;
}
